// !$*UTF8*$!
{
	archiveVersion = 1;
	classes = {
	};
	objectVersion = 46;
	objects = {

/* Begin PBXBuildFile section */
		4B42B5EE1C35B8C600A794F7 /* ImageAttribute.m in Sources */ = {isa = PBXBuildFile; fileRef = 4B42B5ED1C35B8C600A794F7 /* ImageAttribute.m */; };
		4B42B5F01C38B3F700A794F7 /* PDFImageSectionTests.m in Sources */ = {isa = PBXBuildFile; fileRef = 4B42B5EF1C38B3F700A794F7 /* PDFImageSectionTests.m */; };
		4B42B5F31C39759C00A794F7 /* PDFColumnAttributes.m in Sources */ = {isa = PBXBuildFile; fileRef = 4B42B5F21C39759C00A794F7 /* PDFColumnAttributes.m */; };
		4B8CC4EB1C35A215005780C3 /* main.m in Sources */ = {isa = PBXBuildFile; fileRef = 4B8CC4EA1C35A215005780C3 /* main.m */; };
		4B8CC4EE1C35A215005780C3 /* AppDelegate.m in Sources */ = {isa = PBXBuildFile; fileRef = 4B8CC4ED1C35A215005780C3 /* AppDelegate.m */; };
		4B8CC4F11C35A215005780C3 /* ViewController.m in Sources */ = {isa = PBXBuildFile; fileRef = 4B8CC4F01C35A215005780C3 /* ViewController.m */; };
		4B8CC4F41C35A215005780C3 /* Main.storyboard in Resources */ = {isa = PBXBuildFile; fileRef = 4B8CC4F21C35A215005780C3 /* Main.storyboard */; };
		4B8CC4F61C35A215005780C3 /* Assets.xcassets in Resources */ = {isa = PBXBuildFile; fileRef = 4B8CC4F51C35A215005780C3 /* Assets.xcassets */; };
		4B8CC4F91C35A215005780C3 /* LaunchScreen.storyboard in Resources */ = {isa = PBXBuildFile; fileRef = 4B8CC4F71C35A215005780C3 /* LaunchScreen.storyboard */; };
		4B8CC5041C35A215005780C3 /* PDFImagesTests.m in Sources */ = {isa = PBXBuildFile; fileRef = 4B8CC5031C35A215005780C3 /* PDFImagesTests.m */; };
		4B8CC50F1C35A215005780C3 /* PDFImagesUITests.m in Sources */ = {isa = PBXBuildFile; fileRef = 4B8CC50E1C35A215005780C3 /* PDFImagesUITests.m */; };
		4B8CC51E1C35A256005780C3 /* PDFImageSection.m in Sources */ = {isa = PBXBuildFile; fileRef = 4B8CC51D1C35A256005780C3 /* PDFImageSection.m */; };
		4BE2C76C1C3B119300A5E6C8 /* PDFRowAttributes.m in Sources */ = {isa = PBXBuildFile; fileRef = 4BE2C76B1C3B119300A5E6C8 /* PDFRowAttributes.m */; };
/* End PBXBuildFile section */

/* Begin PBXContainerItemProxy section */
		4B8CC5001C35A215005780C3 /* PBXContainerItemProxy */ = {
			isa = PBXContainerItemProxy;
			containerPortal = 4B8CC4DE1C35A215005780C3 /* Project object */;
			proxyType = 1;
			remoteGlobalIDString = 4B8CC4E51C35A215005780C3;
			remoteInfo = PDFImages;
		};
		4B8CC50B1C35A215005780C3 /* PBXContainerItemProxy */ = {
			isa = PBXContainerItemProxy;
			containerPortal = 4B8CC4DE1C35A215005780C3 /* Project object */;
			proxyType = 1;
			remoteGlobalIDString = 4B8CC4E51C35A215005780C3;
			remoteInfo = PDFImages;
		};
/* End PBXContainerItemProxy section */

/* Begin PBXFileReference section */
		4B42B5EC1C35B8C600A794F7 /* ImageAttribute.h */ = {isa = PBXFileReference; fileEncoding = 4; lastKnownFileType = sourcecode.c.h; path = ImageAttribute.h; sourceTree = "<group>"; };
		4B42B5ED1C35B8C600A794F7 /* ImageAttribute.m */ = {isa = PBXFileReference; fileEncoding = 4; lastKnownFileType = sourcecode.c.objc; path = ImageAttribute.m; sourceTree = "<group>"; };
		4B42B5EF1C38B3F700A794F7 /* PDFImageSectionTests.m */ = {isa = PBXFileReference; fileEncoding = 4; lastKnownFileType = sourcecode.c.objc; path = PDFImageSectionTests.m; sourceTree = "<group>"; };
		4B42B5F11C39759C00A794F7 /* PDFColumnAttributes.h */ = {isa = PBXFileReference; fileEncoding = 4; lastKnownFileType = sourcecode.c.h; path = PDFColumnAttributes.h; sourceTree = "<group>"; };
		4B42B5F21C39759C00A794F7 /* PDFColumnAttributes.m */ = {isa = PBXFileReference; fileEncoding = 4; lastKnownFileType = sourcecode.c.objc; path = PDFColumnAttributes.m; sourceTree = "<group>"; };
		4B8CC4E61C35A215005780C3 /* PDFImages.app */ = {isa = PBXFileReference; explicitFileType = wrapper.application; includeInIndex = 0; path = PDFImages.app; sourceTree = BUILT_PRODUCTS_DIR; };
		4B8CC4EA1C35A215005780C3 /* main.m */ = {isa = PBXFileReference; lastKnownFileType = sourcecode.c.objc; path = main.m; sourceTree = "<group>"; };
		4B8CC4EC1C35A215005780C3 /* AppDelegate.h */ = {isa = PBXFileReference; lastKnownFileType = sourcecode.c.h; path = AppDelegate.h; sourceTree = "<group>"; };
		4B8CC4ED1C35A215005780C3 /* AppDelegate.m */ = {isa = PBXFileReference; lastKnownFileType = sourcecode.c.objc; path = AppDelegate.m; sourceTree = "<group>"; };
		4B8CC4EF1C35A215005780C3 /* ViewController.h */ = {isa = PBXFileReference; lastKnownFileType = sourcecode.c.h; path = ViewController.h; sourceTree = "<group>"; };
		4B8CC4F01C35A215005780C3 /* ViewController.m */ = {isa = PBXFileReference; lastKnownFileType = sourcecode.c.objc; path = ViewController.m; sourceTree = "<group>"; };
		4B8CC4F31C35A215005780C3 /* Base */ = {isa = PBXFileReference; lastKnownFileType = file.storyboard; name = Base; path = Base.lproj/Main.storyboard; sourceTree = "<group>"; };
		4B8CC4F51C35A215005780C3 /* Assets.xcassets */ = {isa = PBXFileReference; lastKnownFileType = folder.assetcatalog; path = Assets.xcassets; sourceTree = "<group>"; };
		4B8CC4F81C35A215005780C3 /* Base */ = {isa = PBXFileReference; lastKnownFileType = file.storyboard; name = Base; path = Base.lproj/LaunchScreen.storyboard; sourceTree = "<group>"; };
		4B8CC4FA1C35A215005780C3 /* Info.plist */ = {isa = PBXFileReference; lastKnownFileType = text.plist.xml; path = Info.plist; sourceTree = "<group>"; };
		4B8CC4FF1C35A215005780C3 /* PDFImagesTests.xctest */ = {isa = PBXFileReference; explicitFileType = wrapper.cfbundle; includeInIndex = 0; path = PDFImagesTests.xctest; sourceTree = BUILT_PRODUCTS_DIR; };
		4B8CC5031C35A215005780C3 /* PDFImagesTests.m */ = {isa = PBXFileReference; lastKnownFileType = sourcecode.c.objc; path = PDFImagesTests.m; sourceTree = "<group>"; };
		4B8CC5051C35A215005780C3 /* Info.plist */ = {isa = PBXFileReference; lastKnownFileType = text.plist.xml; path = Info.plist; sourceTree = "<group>"; };
		4B8CC50A1C35A215005780C3 /* PDFImagesUITests.xctest */ = {isa = PBXFileReference; explicitFileType = wrapper.cfbundle; includeInIndex = 0; path = PDFImagesUITests.xctest; sourceTree = BUILT_PRODUCTS_DIR; };
		4B8CC50E1C35A215005780C3 /* PDFImagesUITests.m */ = {isa = PBXFileReference; lastKnownFileType = sourcecode.c.objc; path = PDFImagesUITests.m; sourceTree = "<group>"; };
		4B8CC5101C35A215005780C3 /* Info.plist */ = {isa = PBXFileReference; lastKnownFileType = text.plist.xml; path = Info.plist; sourceTree = "<group>"; };
		4B8CC51C1C35A256005780C3 /* PDFImageSection.h */ = {isa = PBXFileReference; fileEncoding = 4; lastKnownFileType = sourcecode.c.h; path = PDFImageSection.h; sourceTree = "<group>"; };
		4B8CC51D1C35A256005780C3 /* PDFImageSection.m */ = {isa = PBXFileReference; fileEncoding = 4; lastKnownFileType = sourcecode.c.objc; path = PDFImageSection.m; sourceTree = "<group>"; };
		4BE2C76A1C3B119300A5E6C8 /* PDFRowAttributes.h */ = {isa = PBXFileReference; fileEncoding = 4; lastKnownFileType = sourcecode.c.h; path = PDFRowAttributes.h; sourceTree = "<group>"; };
		4BE2C76B1C3B119300A5E6C8 /* PDFRowAttributes.m */ = {isa = PBXFileReference; fileEncoding = 4; lastKnownFileType = sourcecode.c.objc; path = PDFRowAttributes.m; sourceTree = "<group>"; };
/* End PBXFileReference section */

/* Begin PBXFrameworksBuildPhase section */
		4B8CC4E31C35A215005780C3 /* Frameworks */ = {
			isa = PBXFrameworksBuildPhase;
			buildActionMask = 2147483647;
			files = (
			);
			runOnlyForDeploymentPostprocessing = 0;
		};
		4B8CC4FC1C35A215005780C3 /* Frameworks */ = {
			isa = PBXFrameworksBuildPhase;
			buildActionMask = 2147483647;
			files = (
			);
			runOnlyForDeploymentPostprocessing = 0;
		};
		4B8CC5071C35A215005780C3 /* Frameworks */ = {
			isa = PBXFrameworksBuildPhase;
			buildActionMask = 2147483647;
			files = (
			);
			runOnlyForDeploymentPostprocessing = 0;
		};
/* End PBXFrameworksBuildPhase section */

/* Begin PBXGroup section */
		4B8CC4DD1C35A215005780C3 = {
			isa = PBXGroup;
			children = (
				4B8CC4E81C35A215005780C3 /* PDFImages */,
				4B8CC5021C35A215005780C3 /* PDFImagesTests */,
				4B8CC50D1C35A215005780C3 /* PDFImagesUITests */,
				4B8CC4E71C35A215005780C3 /* Products */,
			);
			sourceTree = "<group>";
		};
		4B8CC4E71C35A215005780C3 /* Products */ = {
			isa = PBXGroup;
			children = (
				4B8CC4E61C35A215005780C3 /* PDFImages.app */,
				4B8CC4FF1C35A215005780C3 /* PDFImagesTests.xctest */,
				4B8CC50A1C35A215005780C3 /* PDFImagesUITests.xctest */,
			);
			name = Products;
			sourceTree = "<group>";
		};
		4B8CC4E81C35A215005780C3 /* PDFImages */ = {
			isa = PBXGroup;
			children = (
				4B8CC4EC1C35A215005780C3 /* AppDelegate.h */,
				4B8CC4ED1C35A215005780C3 /* AppDelegate.m */,
				4B8CC4EF1C35A215005780C3 /* ViewController.h */,
				4B8CC4F01C35A215005780C3 /* ViewController.m */,
				4B8CC4F21C35A215005780C3 /* Main.storyboard */,
				4B8CC4F51C35A215005780C3 /* Assets.xcassets */,
				4B8CC4F71C35A215005780C3 /* LaunchScreen.storyboard */,
				4B8CC4FA1C35A215005780C3 /* Info.plist */,
				4B8CC4E91C35A215005780C3 /* Supporting Files */,
				4B8CC51C1C35A256005780C3 /* PDFImageSection.h */,
				4B8CC51D1C35A256005780C3 /* PDFImageSection.m */,
				4B42B5F11C39759C00A794F7 /* PDFColumnAttributes.h */,
				4B42B5F21C39759C00A794F7 /* PDFColumnAttributes.m */,
				4BE2C76A1C3B119300A5E6C8 /* PDFRowAttributes.h */,
				4BE2C76B1C3B119300A5E6C8 /* PDFRowAttributes.m */,
				4B42B5EC1C35B8C600A794F7 /* ImageAttribute.h */,
				4B42B5ED1C35B8C600A794F7 /* ImageAttribute.m */,
			);
			path = PDFImages;
			sourceTree = "<group>";
		};
		4B8CC4E91C35A215005780C3 /* Supporting Files */ = {
			isa = PBXGroup;
			children = (
				4B8CC4EA1C35A215005780C3 /* main.m */,
			);
			name = "Supporting Files";
			sourceTree = "<group>";
		};
		4B8CC5021C35A215005780C3 /* PDFImagesTests */ = {
			isa = PBXGroup;
			children = (
				4B8CC5031C35A215005780C3 /* PDFImagesTests.m */,
				4B8CC5051C35A215005780C3 /* Info.plist */,
				4B42B5EF1C38B3F700A794F7 /* PDFImageSectionTests.m */,
			);
			path = PDFImagesTests;
			sourceTree = "<group>";
		};
		4B8CC50D1C35A215005780C3 /* PDFImagesUITests */ = {
			isa = PBXGroup;
			children = (
				4B8CC50E1C35A215005780C3 /* PDFImagesUITests.m */,
				4B8CC5101C35A215005780C3 /* Info.plist */,
			);
			path = PDFImagesUITests;
			sourceTree = "<group>";
		};
/* End PBXGroup section */

/* Begin PBXNativeTarget section */
		4B8CC4E51C35A215005780C3 /* PDFImages */ = {
			isa = PBXNativeTarget;
			buildConfigurationList = 4B8CC5131C35A215005780C3 /* Build configuration list for PBXNativeTarget "PDFImages" */;
			buildPhases = (
				4B8CC4E21C35A215005780C3 /* Sources */,
				4B8CC4E31C35A215005780C3 /* Frameworks */,
				4B8CC4E41C35A215005780C3 /* Resources */,
			);
			buildRules = (
			);
			dependencies = (
			);
			name = PDFImages;
			productName = PDFImages;
			productReference = 4B8CC4E61C35A215005780C3 /* PDFImages.app */;
			productType = "com.apple.product-type.application";
		};
		4B8CC4FE1C35A215005780C3 /* PDFImagesTests */ = {
			isa = PBXNativeTarget;
			buildConfigurationList = 4B8CC5161C35A215005780C3 /* Build configuration list for PBXNativeTarget "PDFImagesTests" */;
			buildPhases = (
				4B8CC4FB1C35A215005780C3 /* Sources */,
				4B8CC4FC1C35A215005780C3 /* Frameworks */,
				4B8CC4FD1C35A215005780C3 /* Resources */,
			);
			buildRules = (
			);
			dependencies = (
				4B8CC5011C35A215005780C3 /* PBXTargetDependency */,
			);
			name = PDFImagesTests;
			productName = PDFImagesTests;
			productReference = 4B8CC4FF1C35A215005780C3 /* PDFImagesTests.xctest */;
			productType = "com.apple.product-type.bundle.unit-test";
		};
		4B8CC5091C35A215005780C3 /* PDFImagesUITests */ = {
			isa = PBXNativeTarget;
			buildConfigurationList = 4B8CC5191C35A215005780C3 /* Build configuration list for PBXNativeTarget "PDFImagesUITests" */;
			buildPhases = (
				4B8CC5061C35A215005780C3 /* Sources */,
				4B8CC5071C35A215005780C3 /* Frameworks */,
				4B8CC5081C35A215005780C3 /* Resources */,
			);
			buildRules = (
			);
			dependencies = (
				4B8CC50C1C35A215005780C3 /* PBXTargetDependency */,
			);
			name = PDFImagesUITests;
			productName = PDFImagesUITests;
			productReference = 4B8CC50A1C35A215005780C3 /* PDFImagesUITests.xctest */;
			productType = "com.apple.product-type.bundle.ui-testing";
		};
/* End PBXNativeTarget section */

/* Begin PBXProject section */
		4B8CC4DE1C35A215005780C3 /* Project object */ = {
			isa = PBXProject;
			attributes = {
				LastUpgradeCheck = 0720;
				ORGANIZATIONNAME = "Robert Gaddy LLC";
				TargetAttributes = {
					4B8CC4E51C35A215005780C3 = {
						CreatedOnToolsVersion = 7.2;
					};
					4B8CC4FE1C35A215005780C3 = {
						CreatedOnToolsVersion = 7.2;
						TestTargetID = 4B8CC4E51C35A215005780C3;
					};
					4B8CC5091C35A215005780C3 = {
						CreatedOnToolsVersion = 7.2;
						TestTargetID = 4B8CC4E51C35A215005780C3;
					};
				};
			};
			buildConfigurationList = 4B8CC4E11C35A215005780C3 /* Build configuration list for PBXProject "PDFImages" */;
			compatibilityVersion = "Xcode 3.2";
			developmentRegion = English;
			hasScannedForEncodings = 0;
			knownRegions = (
				en,
				Base,
			);
			mainGroup = 4B8CC4DD1C35A215005780C3;
			productRefGroup = 4B8CC4E71C35A215005780C3 /* Products */;
			projectDirPath = "";
			projectRoot = "";
			targets = (
				4B8CC4E51C35A215005780C3 /* PDFImages */,
				4B8CC4FE1C35A215005780C3 /* PDFImagesTests */,
				4B8CC5091C35A215005780C3 /* PDFImagesUITests */,
			);
		};
/* End PBXProject section */

/* Begin PBXResourcesBuildPhase section */
		4B8CC4E41C35A215005780C3 /* Resources */ = {
			isa = PBXResourcesBuildPhase;
			buildActionMask = 2147483647;
			files = (
				4B8CC4F91C35A215005780C3 /* LaunchScreen.storyboard in Resources */,
				4B8CC4F61C35A215005780C3 /* Assets.xcassets in Resources */,
				4B8CC4F41C35A215005780C3 /* Main.storyboard in Resources */,
			);
			runOnlyForDeploymentPostprocessing = 0;
		};
		4B8CC4FD1C35A215005780C3 /* Resources */ = {
			isa = PBXResourcesBuildPhase;
			buildActionMask = 2147483647;
			files = (
			);
			runOnlyForDeploymentPostprocessing = 0;
		};
		4B8CC5081C35A215005780C3 /* Resources */ = {
			isa = PBXResourcesBuildPhase;
			buildActionMask = 2147483647;
			files = (
			);
			runOnlyForDeploymentPostprocessing = 0;
		};
/* End PBXResourcesBuildPhase section */

/* Begin PBXSourcesBuildPhase section */
		4B8CC4E21C35A215005780C3 /* Sources */ = {
			isa = PBXSourcesBuildPhase;
			buildActionMask = 2147483647;
			files = (
				4B8CC4F11C35A215005780C3 /* ViewController.m in Sources */,
				4B8CC4EE1C35A215005780C3 /* AppDelegate.m in Sources */,
				4B8CC51E1C35A256005780C3 /* PDFImageSection.m in Sources */,
				4BE2C76C1C3B119300A5E6C8 /* PDFRowAttributes.m in Sources */,
				4B42B5EE1C35B8C600A794F7 /* ImageAttribute.m in Sources */,
				4B42B5F31C39759C00A794F7 /* PDFColumnAttributes.m in Sources */,
				4B8CC4EB1C35A215005780C3 /* main.m in Sources */,
			);
			runOnlyForDeploymentPostprocessing = 0;
		};
		4B8CC4FB1C35A215005780C3 /* Sources */ = {
			isa = PBXSourcesBuildPhase;
			buildActionMask = 2147483647;
			files = (
				4B42B5F01C38B3F700A794F7 /* PDFImageSectionTests.m in Sources */,
				4B8CC5041C35A215005780C3 /* PDFImagesTests.m in Sources */,
			);
			runOnlyForDeploymentPostprocessing = 0;
		};
		4B8CC5061C35A215005780C3 /* Sources */ = {
			isa = PBXSourcesBuildPhase;
			buildActionMask = 2147483647;
			files = (
				4B8CC50F1C35A215005780C3 /* PDFImagesUITests.m in Sources */,
			);
			runOnlyForDeploymentPostprocessing = 0;
		};
/* End PBXSourcesBuildPhase section */

/* Begin PBXTargetDependency section */
		4B8CC5011C35A215005780C3 /* PBXTargetDependency */ = {
			isa = PBXTargetDependency;
			target = 4B8CC4E51C35A215005780C3 /* PDFImages */;
			targetProxy = 4B8CC5001C35A215005780C3 /* PBXContainerItemProxy */;
		};
		4B8CC50C1C35A215005780C3 /* PBXTargetDependency */ = {
			isa = PBXTargetDependency;
			target = 4B8CC4E51C35A215005780C3 /* PDFImages */;
			targetProxy = 4B8CC50B1C35A215005780C3 /* PBXContainerItemProxy */;
		};
/* End PBXTargetDependency section */

/* Begin PBXVariantGroup section */
		4B8CC4F21C35A215005780C3 /* Main.storyboard */ = {
			isa = PBXVariantGroup;
			children = (
				4B8CC4F31C35A215005780C3 /* Base */,
			);
			name = Main.storyboard;
			sourceTree = "<group>";
		};
		4B8CC4F71C35A215005780C3 /* LaunchScreen.storyboard */ = {
			isa = PBXVariantGroup;
			children = (
				4B8CC4F81C35A215005780C3 /* Base */,
			);
			name = LaunchScreen.storyboard;
			sourceTree = "<group>";
		};
/* End PBXVariantGroup section */

/* Begin XCBuildConfiguration section */
		4B8CC5111C35A215005780C3 /* Debug */ = {
			isa = XCBuildConfiguration;
			buildSettings = {
				ALWAYS_SEARCH_USER_PATHS = NO;
				CLANG_CXX_LANGUAGE_STANDARD = "gnu++0x";
				CLANG_CXX_LIBRARY = "libc++";
				CLANG_ENABLE_MODULES = YES;
				CLANG_ENABLE_OBJC_ARC = YES;
				CLANG_WARN_BOOL_CONVERSION = YES;
				CLANG_WARN_CONSTANT_CONVERSION = YES;
				CLANG_WARN_DIRECT_OBJC_ISA_USAGE = YES_ERROR;
				CLANG_WARN_EMPTY_BODY = YES;
				CLANG_WARN_ENUM_CONVERSION = YES;
				CLANG_WARN_INT_CONVERSION = YES;
				CLANG_WARN_OBJC_ROOT_CLASS = YES_ERROR;
				CLANG_WARN_UNREACHABLE_CODE = YES;
				CLANG_WARN__DUPLICATE_METHOD_MATCH = YES;
				"CODE_SIGN_IDENTITY[sdk=iphoneos*]" = "iPhone Developer";
				COPY_PHASE_STRIP = NO;
				DEBUG_INFORMATION_FORMAT = dwarf;
				ENABLE_STRICT_OBJC_MSGSEND = YES;
				ENABLE_TESTABILITY = YES;
				GCC_C_LANGUAGE_STANDARD = gnu99;
				GCC_DYNAMIC_NO_PIC = NO;
				GCC_NO_COMMON_BLOCKS = YES;
				GCC_OPTIMIZATION_LEVEL = 0;
				GCC_PREPROCESSOR_DEFINITIONS = (
					"DEBUG=1",
					"$(inherited)",
				);
				GCC_WARN_64_TO_32_BIT_CONVERSION = YES;
				GCC_WARN_ABOUT_RETURN_TYPE = YES_ERROR;
				GCC_WARN_UNDECLARED_SELECTOR = YES;
				GCC_WARN_UNINITIALIZED_AUTOS = YES_AGGRESSIVE;
				GCC_WARN_UNUSED_FUNCTION = YES;
				GCC_WARN_UNUSED_VARIABLE = YES;
				IPHONEOS_DEPLOYMENT_TARGET = 9.2;
				MTL_ENABLE_DEBUG_INFO = YES;
				ONLY_ACTIVE_ARCH = YES;
				SDKROOT = iphoneos;
			};
			name = Debug;
		};
		4B8CC5121C35A215005780C3 /* Release */ = {
			isa = XCBuildConfiguration;
			buildSettings = {
				ALWAYS_SEARCH_USER_PATHS = NO;
				CLANG_CXX_LANGUAGE_STANDARD = "gnu++0x";
				CLANG_CXX_LIBRARY = "libc++";
				CLANG_ENABLE_MODULES = YES;
				CLANG_ENABLE_OBJC_ARC = YES;
				CLANG_WARN_BOOL_CONVERSION = YES;
				CLANG_WARN_CONSTANT_CONVERSION = YES;
				CLANG_WARN_DIRECT_OBJC_ISA_USAGE = YES_ERROR;
				CLANG_WARN_EMPTY_BODY = YES;
				CLANG_WARN_ENUM_CONVERSION = YES;
				CLANG_WARN_INT_CONVERSION = YES;
				CLANG_WARN_OBJC_ROOT_CLASS = YES_ERROR;
				CLANG_WARN_UNREACHABLE_CODE = YES;
				CLANG_WARN__DUPLICATE_METHOD_MATCH = YES;
				"CODE_SIGN_IDENTITY[sdk=iphoneos*]" = "iPhone Developer";
				COPY_PHASE_STRIP = NO;
				DEBUG_INFORMATION_FORMAT = "dwarf-with-dsym";
				ENABLE_NS_ASSERTIONS = NO;
				ENABLE_STRICT_OBJC_MSGSEND = YES;
				GCC_C_LANGUAGE_STANDARD = gnu99;
				GCC_NO_COMMON_BLOCKS = YES;
				GCC_WARN_64_TO_32_BIT_CONVERSION = YES;
				GCC_WARN_ABOUT_RETURN_TYPE = YES_ERROR;
				GCC_WARN_UNDECLARED_SELECTOR = YES;
				GCC_WARN_UNINITIALIZED_AUTOS = YES_AGGRESSIVE;
				GCC_WARN_UNUSED_FUNCTION = YES;
				GCC_WARN_UNUSED_VARIABLE = YES;
				IPHONEOS_DEPLOYMENT_TARGET = 9.2;
				MTL_ENABLE_DEBUG_INFO = NO;
				SDKROOT = iphoneos;
				VALIDATE_PRODUCT = YES;
			};
			name = Release;
		};
		4B8CC5141C35A215005780C3 /* Debug */ = {
			isa = XCBuildConfiguration;
			buildSettings = {
				ASSETCATALOG_COMPILER_APPICON_NAME = AppIcon;
				INFOPLIST_FILE = PDFImages/Info.plist;
				LD_RUNPATH_SEARCH_PATHS = "$(inherited) @executable_path/Frameworks";
				PRODUCT_BUNDLE_IDENTIFIER = com.rkgaddyLLC.PDFIMages.PDFImages;
				PRODUCT_NAME = "$(TARGET_NAME)";
			};
			name = Debug;
		};
		4B8CC5151C35A215005780C3 /* Release */ = {
			isa = XCBuildConfiguration;
			buildSettings = {
				ASSETCATALOG_COMPILER_APPICON_NAME = AppIcon;
				INFOPLIST_FILE = PDFImages/Info.plist;
				LD_RUNPATH_SEARCH_PATHS = "$(inherited) @executable_path/Frameworks";
				PRODUCT_BUNDLE_IDENTIFIER = com.rkgaddyLLC.PDFIMages.PDFImages;
				PRODUCT_NAME = "$(TARGET_NAME)";
			};
			name = Release;
		};
		4B8CC5171C35A215005780C3 /* Debug */ = {
			isa = XCBuildConfiguration;
			buildSettings = {
				BUNDLE_LOADER = "$(TEST_HOST)";
				INFOPLIST_FILE = PDFImagesTests/Info.plist;
				LD_RUNPATH_SEARCH_PATHS = "$(inherited) @executable_path/Frameworks @loader_path/Frameworks";
				PRODUCT_BUNDLE_IDENTIFIER = com.rkgaddyLLC.PDFIMages.PDFImagesTests;
				PRODUCT_NAME = "$(TARGET_NAME)";
				TEST_HOST = "$(BUILT_PRODUCTS_DIR)/PDFImages.app/PDFImages";
			};
			name = Debug;
		};
		4B8CC5181C35A215005780C3 /* Release */ = {
			isa = XCBuildConfiguration;
			buildSettings = {
				BUNDLE_LOADER = "$(TEST_HOST)";
				INFOPLIST_FILE = PDFImagesTests/Info.plist;
				LD_RUNPATH_SEARCH_PATHS = "$(inherited) @executable_path/Frameworks @loader_path/Frameworks";
				PRODUCT_BUNDLE_IDENTIFIER = com.rkgaddyLLC.PDFIMages.PDFImagesTests;
				PRODUCT_NAME = "$(TARGET_NAME)";
				TEST_HOST = "$(BUILT_PRODUCTS_DIR)/PDFImages.app/PDFImages";
			};
			name = Release;
		};
		4B8CC51A1C35A215005780C3 /* Debug */ = {
			isa = XCBuildConfiguration;
			buildSettings = {
				INFOPLIST_FILE = PDFImagesUITests/Info.plist;
				LD_RUNPATH_SEARCH_PATHS = "$(inherited) @executable_path/Frameworks @loader_path/Frameworks";
				PRODUCT_BUNDLE_IDENTIFIER = com.rkgaddyLLC.PDFIMages.PDFImagesUITests;
				PRODUCT_NAME = "$(TARGET_NAME)";
				TEST_TARGET_NAME = PDFImages;
				USES_XCTRUNNER = YES;
			};
			name = Debug;
		};
		4B8CC51B1C35A215005780C3 /* Release */ = {
			isa = XCBuildConfiguration;
			buildSettings = {
				INFOPLIST_FILE = PDFImagesUITests/Info.plist;
				LD_RUNPATH_SEARCH_PATHS = "$(inherited) @executable_path/Frameworks @loader_path/Frameworks";
				PRODUCT_BUNDLE_IDENTIFIER = com.rkgaddyLLC.PDFIMages.PDFImagesUITests;
				PRODUCT_NAME = "$(TARGET_NAME)";
				TEST_TARGET_NAME = PDFImages;
				USES_XCTRUNNER = YES;
			};
			name = Release;
		};
/* End XCBuildConfiguration section */

/* Begin XCConfigurationList section */
		4B8CC4E11C35A215005780C3 /* Build configuration list for PBXProject "PDFImages" */ = {
			isa = XCConfigurationList;
			buildConfigurations = (
				4B8CC5111C35A215005780C3 /* Debug */,
				4B8CC5121C35A215005780C3 /* Release */,
			);
			defaultConfigurationIsVisible = 0;
			defaultConfigurationName = Release;
		};
		4B8CC5131C35A215005780C3 /* Build configuration list for PBXNativeTarget "PDFImages" */ = {
			isa = XCConfigurationList;
			buildConfigurations = (
				4B8CC5141C35A215005780C3 /* Debug */,
				4B8CC5151C35A215005780C3 /* Release */,
			);
			defaultConfigurationIsVisible = 0;
			defaultConfigurationName = Release;
		};
		4B8CC5161C35A215005780C3 /* Build configuration list for PBXNativeTarget "PDFImagesTests" */ = {
			isa = XCConfigurationList;
			buildConfigurations = (
				4B8CC5171C35A215005780C3 /* Debug */,
				4B8CC5181C35A215005780C3 /* Release */,
			);
			defaultConfigurationIsVisible = 0;
			defaultConfigurationName = Release;
		};
		4B8CC5191C35A215005780C3 /* Build configuration list for PBXNativeTarget "PDFImagesUITests" */ = {
			isa = XCConfigurationList;
			buildConfigurations = (
				4B8CC51A1C35A215005780C3 /* Debug */,
				4B8CC51B1C35A215005780C3 /* Release */,
			);
			defaultConfigurationIsVisible = 0;
			defaultConfigurationName = Release;
		};
/* End XCConfigurationList section */
	};
	rootObject = 4B8CC4DE1C35A215005780C3 /* Project object */;
}
